
Microsoft Visual Studio Solution File, Format Version 12.00
# Visual Studio Version 17
VisualStudioVersion = 17.13.35825.156 d17.13
MinimumVisualStudioVersion = 10.0.40219.1
Project("{FAE04EC0-301F-11D3-BF4B-00C04F79EFBC}") = "WpfAppWocoNF4", "WpfAppWocoNF4\WpfAppWocoNF4.csproj", "{91DFFC22-4C5E-4E95-96ED-636A2998B988}"
EndProject
Global
	GlobalSection(SolutionConfigurationPlatforms) = preSolution
		Debug|Any CPU = Debug|Any CPU
		Release|Any CPU = Release|Any CPU
	EndGlobalSection
	GlobalSection(ProjectConfigurationPlatforms) = postSolution
		{91DFFC22-4C5E-4E95-96ED-636A2998B988}.Debug|Any CPU.ActiveCfg = Debug|Any CPU
		{91DFFC22-4C5E-4E95-96ED-636A2998B988}.Debug|Any CPU.Build.0 = Debug|Any CPU
		{91DFFC22-4C5E-4E95-96ED-636A2998B988}.Release|Any CPU.ActiveCfg = Release|Any CPU
		{91DFFC22-4C5E-4E95-96ED-636A2998B988}.Release|Any CPU.Build.0 = Release|Any CPU
	EndGlobalSection
	GlobalSection(SolutionProperties) = preSolution
		HideSolutionNode = FALSE
	EndGlobalSection
	GlobalSection(ExtensibilityGlobals) = postSolution
		SolutionGuid = {74903F9D-D20E-4AAE-B4F0-58D8D74F42FB}
	EndGlobalSection
EndGlobal
